
Microsoft Visual Studio Solution File, Format Version 12.00
# Visual Studio Version 16
VisualStudioVersion = 16.0.33130.400
MinimumVisualStudioVersion = 10.0.40219.1
Project("{FAE04EC0-301F-11D3-BF4B-00C04F79EFBC}") = "clothBazar.web", "clothBazar.web\clothBazar.web.csproj", "{38BDA42E-8008-4CFF-A498-58597FC1F7B1}"
EndProject
Global
	GlobalSection(SolutionConfigurationPlatforms) = preSolution
		Debug|Any CPU = Debug|Any CPU
		Release|Any CPU = Release|Any CPU
	EndGlobalSection
	GlobalSection(ProjectConfigurationPlatforms) = postSolution
		{38BDA42E-8008-4CFF-A498-58597FC1F7B1}.Debug|Any CPU.ActiveCfg = Debug|Any CPU
		{38BDA42E-8008-4CFF-A498-58597FC1F7B1}.Debug|Any CPU.Build.0 = Debug|Any CPU
		{38BDA42E-8008-4CFF-A498-58597FC1F7B1}.Release|Any CPU.ActiveCfg = Release|Any CPU
		{38BDA42E-8008-4CFF-A498-58597FC1F7B1}.Release|Any CPU.Build.0 = Release|Any CPU
	EndGlobalSection
	GlobalSection(SolutionProperties) = preSolution
		HideSolutionNode = FALSE
	EndGlobalSection
	GlobalSection(ExtensibilityGlobals) = postSolution
		SolutionGuid = {FBB96600-A075-4021-AC73-5F71DAC6B37A}
	EndGlobalSection
EndGlobal
